
Microsoft Visual Studio Solution File, Format Version 12.00
# Visual Studio Version 17
VisualStudioVersion = 17.0.31903.59
MinimumVisualStudioVersion = 10.0.40219.1
Project("{FAE04EC0-301F-11D3-BF4B-00C04F79EFBC}") = "CakeShop.Core", "CakeShop.Core\CakeShop.Core.csproj", "{1D4ABF1C-B136-413F-BD35-2814DDC4E0C0}"
EndProject
Project("{FAE04EC0-301F-11D3-BF4B-00C04F79EFBC}") = "CakeShop.Infrastructure", "CakeShop.Infrastructure\CakeShop.Infrastructure.csproj", "{46B23B56-363E-4150-9782-7139156A2108}"
EndProject
Project("{FAE04EC0-301F-11D3-BF4B-00C04F79EFBC}") = "CakeShop.DbSetup", "CakeShop.DbSetup\CakeShop.DbSetup.csproj", "{E4F9DA73-B18A-4030-9D05-42F59846B6F5}"
EndProject
Project("{2150E333-8FDC-42A3-9474-1A3956D46DE8}") = "_B2C", "_B2C", "{4139C39D-C97C-436C-82A9-872ED68C865B}"
EndProject
Project("{FAE04EC0-301F-11D3-BF4B-00C04F79EFBC}") = "EC.B2C", "_B2C\EC.B2C\EC.B2C.csproj", "{0B4DC624-F40F-4DF7-BC23-D92EA56AA4F8}"
EndProject
Project("{2150E333-8FDC-42A3-9474-1A3956D46DE8}") = "Business Libraries", "Business Libraries", "{7D745A2F-FC07-41DB-82C4-5943DAED0CFD}"
EndProject
Project("{FAE04EC0-301F-11D3-BF4B-00C04F79EFBC}") = "EC.CommonService", "Business Libraries\EC.CommonService\EC.CommonService.csproj", "{EB58A363-666D-4B05-920D-D04D32BA35D4}"
EndProject
Project("{2150E333-8FDC-42A3-9474-1A3956D46DE8}") = "Framework", "Framework", "{5726061F-3EDB-4E27-8902-C24B5FA44AFF}"
EndProject
Project("{FAE04EC0-301F-11D3-BF4B-00C04F79EFBC}") = "EC.Entities", "Framework\EC.Entities\EC.Entities.csproj", "{4F187D21-DF12-4AB4-9617-C2A93D94F506}"
EndProject
Project("{2150E333-8FDC-42A3-9474-1A3956D46DE8}") = "_API", "_API", "{7EE1415F-0022-4D70-8948-C1DAB8B8CABC}"
EndProject
Project("{FAE04EC0-301F-11D3-BF4B-00C04F79EFBC}") = "EC.API", "_API\EC.API\EC.API.csproj", "{5DEACF0B-C779-44D5-9922-6134885723A7}"
EndProject
Global
	GlobalSection(SolutionConfigurationPlatforms) = preSolution
		Debug|Any CPU = Debug|Any CPU
		Release|Any CPU = Release|Any CPU
	EndGlobalSection
	GlobalSection(SolutionProperties) = preSolution
		HideSolutionNode = FALSE
	EndGlobalSection
	GlobalSection(ProjectConfigurationPlatforms) = postSolution
		{1D4ABF1C-B136-413F-BD35-2814DDC4E0C0}.Debug|Any CPU.ActiveCfg = Debug|Any CPU
		{1D4ABF1C-B136-413F-BD35-2814DDC4E0C0}.Debug|Any CPU.Build.0 = Debug|Any CPU
		{1D4ABF1C-B136-413F-BD35-2814DDC4E0C0}.Release|Any CPU.ActiveCfg = Release|Any CPU
		{1D4ABF1C-B136-413F-BD35-2814DDC4E0C0}.Release|Any CPU.Build.0 = Release|Any CPU
		{46B23B56-363E-4150-9782-7139156A2108}.Debug|Any CPU.ActiveCfg = Debug|Any CPU
		{46B23B56-363E-4150-9782-7139156A2108}.Debug|Any CPU.Build.0 = Debug|Any CPU
		{46B23B56-363E-4150-9782-7139156A2108}.Release|Any CPU.ActiveCfg = Release|Any CPU
		{46B23B56-363E-4150-9782-7139156A2108}.Release|Any CPU.Build.0 = Release|Any CPU
		{E4F9DA73-B18A-4030-9D05-42F59846B6F5}.Debug|Any CPU.ActiveCfg = Debug|Any CPU
		{E4F9DA73-B18A-4030-9D05-42F59846B6F5}.Debug|Any CPU.Build.0 = Debug|Any CPU
		{E4F9DA73-B18A-4030-9D05-42F59846B6F5}.Release|Any CPU.ActiveCfg = Release|Any CPU
		{E4F9DA73-B18A-4030-9D05-42F59846B6F5}.Release|Any CPU.Build.0 = Release|Any CPU
		{0B4DC624-F40F-4DF7-BC23-D92EA56AA4F8}.Debug|Any CPU.ActiveCfg = Debug|Any CPU
		{0B4DC624-F40F-4DF7-BC23-D92EA56AA4F8}.Debug|Any CPU.Build.0 = Debug|Any CPU
		{0B4DC624-F40F-4DF7-BC23-D92EA56AA4F8}.Release|Any CPU.ActiveCfg = Release|Any CPU
		{0B4DC624-F40F-4DF7-BC23-D92EA56AA4F8}.Release|Any CPU.Build.0 = Release|Any CPU
		{EB58A363-666D-4B05-920D-D04D32BA35D4}.Debug|Any CPU.ActiveCfg = Debug|Any CPU
		{EB58A363-666D-4B05-920D-D04D32BA35D4}.Debug|Any CPU.Build.0 = Debug|Any CPU
		{EB58A363-666D-4B05-920D-D04D32BA35D4}.Release|Any CPU.ActiveCfg = Release|Any CPU
		{EB58A363-666D-4B05-920D-D04D32BA35D4}.Release|Any CPU.Build.0 = Release|Any CPU
		{4F187D21-DF12-4AB4-9617-C2A93D94F506}.Debug|Any CPU.ActiveCfg = Debug|Any CPU
		{4F187D21-DF12-4AB4-9617-C2A93D94F506}.Debug|Any CPU.Build.0 = Debug|Any CPU
		{4F187D21-DF12-4AB4-9617-C2A93D94F506}.Release|Any CPU.ActiveCfg = Release|Any CPU
		{4F187D21-DF12-4AB4-9617-C2A93D94F506}.Release|Any CPU.Build.0 = Release|Any CPU
		{5DEACF0B-C779-44D5-9922-6134885723A7}.Debug|Any CPU.ActiveCfg = Debug|Any CPU
		{5DEACF0B-C779-44D5-9922-6134885723A7}.Debug|Any CPU.Build.0 = Debug|Any CPU
		{5DEACF0B-C779-44D5-9922-6134885723A7}.Release|Any CPU.ActiveCfg = Release|Any CPU
		{5DEACF0B-C779-44D5-9922-6134885723A7}.Release|Any CPU.Build.0 = Release|Any CPU
	EndGlobalSection
	GlobalSection(NestedProjects) = preSolution
		{0B4DC624-F40F-4DF7-BC23-D92EA56AA4F8} = {4139C39D-C97C-436C-82A9-872ED68C865B}
		{EB58A363-666D-4B05-920D-D04D32BA35D4} = {7D745A2F-FC07-41DB-82C4-5943DAED0CFD}
		{4F187D21-DF12-4AB4-9617-C2A93D94F506} = {5726061F-3EDB-4E27-8902-C24B5FA44AFF}
		{5DEACF0B-C779-44D5-9922-6134885723A7} = {7EE1415F-0022-4D70-8948-C1DAB8B8CABC}
	EndGlobalSection
EndGlobal
